
Microsoft Visual Studio Solution File, Format Version 11.00
# Visual Studio 2010
Project("{FAE04EC0-301F-11D3-BF4B-00C04F79EFBC}") = "SpreadSheet", "SpreadSheet\SpreadSheet.csproj", "{404BAE6F-A12A-4CBE-A5BB-733A63946D80}"
EndProject
Global
	GlobalSection(SolutionConfigurationPlatforms) = preSolution
		Debug|Any CPU = Debug|Any CPU
		Release|Any CPU = Release|Any CPU
	EndGlobalSection
	GlobalSection(ProjectConfigurationPlatforms) = postSolution
		{404BAE6F-A12A-4CBE-A5BB-733A63946D80}.Debug|Any CPU.ActiveCfg = Debug|Any CPU
		{404BAE6F-A12A-4CBE-A5BB-733A63946D80}.Debug|Any CPU.Build.0 = Debug|Any CPU
		{404BAE6F-A12A-4CBE-A5BB-733A63946D80}.Release|Any CPU.ActiveCfg = Release|Any CPU
		{404BAE6F-A12A-4CBE-A5BB-733A63946D80}.Release|Any CPU.Build.0 = Release|Any CPU
	EndGlobalSection
	GlobalSection(SolutionProperties) = preSolution
		HideSolutionNode = FALSE
	EndGlobalSection
EndGlobal
